// !$*UTF8*$!
{
	archiveVersion = 1;
	classes = {
	};
	objectVersion = 46;
	objects = {

/* Begin PBXBuildFile section */
		186B983E1A44134A0003E1EF /* CZMicroBlogFrame.m in Sources */ = {isa = PBXBuildFile; fileRef = 186B983D1A44134A0003E1EF /* CZMicroBlogFrame.m */; };
		18F3CC511A43D7F4008C8917 /* main.m in Sources */ = {isa = PBXBuildFile; fileRef = 18F3CC501A43D7F4008C8917 /* main.m */; };
		18F3CC541A43D7F4008C8917 /* AppDelegate.m in Sources */ = {isa = PBXBuildFile; fileRef = 18F3CC531A43D7F4008C8917 /* AppDelegate.m */; };
		18F3CC5A1A43D7F4008C8917 /* Main.storyboard in Resources */ = {isa = PBXBuildFile; fileRef = 18F3CC581A43D7F4008C8917 /* Main.storyboard */; };
		18F3CC5C1A43D7F4008C8917 /* Images.xcassets in Resources */ = {isa = PBXBuildFile; fileRef = 18F3CC5B1A43D7F4008C8917 /* Images.xcassets */; };
		18F3CC5F1A43D7F4008C8917 /* LaunchScreen.xib in Resources */ = {isa = PBXBuildFile; fileRef = 18F3CC5D1A43D7F4008C8917 /* LaunchScreen.xib */; };
		18F3CC6B1A43D7F5008C8917 /* A05___Tests.m in Sources */ = {isa = PBXBuildFile; fileRef = 18F3CC6A1A43D7F5008C8917 /* A05___Tests.m */; };
		18F3CC751A43D815008C8917 /* microblog.plist in Resources */ = {isa = PBXBuildFile; fileRef = 18F3CC741A43D815008C8917 /* microblog.plist */; };
		18F3CC781A43D87B008C8917 /* CZMicroBlog.m in Sources */ = {isa = PBXBuildFile; fileRef = 18F3CC771A43D87B008C8917 /* CZMicroBlog.m */; };
		18F3CC7B1A43DA8D008C8917 /* CZViewController.m in Sources */ = {isa = PBXBuildFile; fileRef = 18F3CC7A1A43DA8D008C8917 /* CZViewController.m */; };
		18F3CC861A43FB79008C8917 /* CZMicroBlogCell.m in Sources */ = {isa = PBXBuildFile; fileRef = 18F3CC851A43FB79008C8917 /* CZMicroBlogCell.m */; };
/* End PBXBuildFile section */

/* Begin PBXContainerItemProxy section */
		18F3CC651A43D7F4008C8917 /* PBXContainerItemProxy */ = {
			isa = PBXContainerItemProxy;
			containerPortal = 18F3CC431A43D7F4008C8917 /* Project object */;
			proxyType = 1;
			remoteGlobalIDString = 18F3CC4A1A43D7F4008C8917;
			remoteInfo = "A05-微博";
		};
/* End PBXContainerItemProxy section */

/* Begin PBXFileReference section */
		186B983C1A4413490003E1EF /* CZMicroBlogFrame.h */ = {isa = PBXFileReference; fileEncoding = 4; lastKnownFileType = sourcecode.c.h; path = CZMicroBlogFrame.h; sourceTree = "<group>"; };
		186B983D1A44134A0003E1EF /* CZMicroBlogFrame.m */ = {isa = PBXFileReference; fileEncoding = 4; lastKnownFileType = sourcecode.c.objc; path = CZMicroBlogFrame.m; sourceTree = "<group>"; };
		18F3CC4B1A43D7F4008C8917 /* A05-微博.app */ = {isa = PBXFileReference; explicitFileType = wrapper.application; includeInIndex = 0; path = "A05-微博.app"; sourceTree = BUILT_PRODUCTS_DIR; };
		18F3CC4F1A43D7F4008C8917 /* Info.plist */ = {isa = PBXFileReference; lastKnownFileType = text.plist.xml; path = Info.plist; sourceTree = "<group>"; };
		18F3CC501A43D7F4008C8917 /* main.m */ = {isa = PBXFileReference; lastKnownFileType = sourcecode.c.objc; path = main.m; sourceTree = "<group>"; };
		18F3CC521A43D7F4008C8917 /* AppDelegate.h */ = {isa = PBXFileReference; lastKnownFileType = sourcecode.c.h; path = AppDelegate.h; sourceTree = "<group>"; };
		18F3CC531A43D7F4008C8917 /* AppDelegate.m */ = {isa = PBXFileReference; lastKnownFileType = sourcecode.c.objc; path = AppDelegate.m; sourceTree = "<group>"; };
		18F3CC591A43D7F4008C8917 /* Base */ = {isa = PBXFileReference; lastKnownFileType = file.storyboard; name = Base; path = Base.lproj/Main.storyboard; sourceTree = "<group>"; };
		18F3CC5B1A43D7F4008C8917 /* Images.xcassets */ = {isa = PBXFileReference; lastKnownFileType = folder.assetcatalog; path = Images.xcassets; sourceTree = "<group>"; };
		18F3CC5E1A43D7F4008C8917 /* Base */ = {isa = PBXFileReference; lastKnownFileType = file.xib; name = Base; path = Base.lproj/LaunchScreen.xib; sourceTree = "<group>"; };
		18F3CC641A43D7F4008C8917 /* A05-微博Tests.xctest */ = {isa = PBXFileReference; explicitFileType = wrapper.cfbundle; includeInIndex = 0; path = "A05-微博Tests.xctest"; sourceTree = BUILT_PRODUCTS_DIR; };
		18F3CC691A43D7F5008C8917 /* Info.plist */ = {isa = PBXFileReference; lastKnownFileType = text.plist.xml; path = Info.plist; sourceTree = "<group>"; };
		18F3CC6A1A43D7F5008C8917 /* A05___Tests.m */ = {isa = PBXFileReference; lastKnownFileType = sourcecode.c.objc; path = "A05___Tests.m"; sourceTree = "<group>"; };
		18F3CC741A43D815008C8917 /* microblog.plist */ = {isa = PBXFileReference; fileEncoding = 4; lastKnownFileType = text.plist.xml; path = microblog.plist; sourceTree = "<group>"; };
		18F3CC761A43D87B008C8917 /* CZMicroBlog.h */ = {isa = PBXFileReference; fileEncoding = 4; lastKnownFileType = sourcecode.c.h; path = CZMicroBlog.h; sourceTree = "<group>"; };
		18F3CC771A43D87B008C8917 /* CZMicroBlog.m */ = {isa = PBXFileReference; fileEncoding = 4; lastKnownFileType = sourcecode.c.objc; path = CZMicroBlog.m; sourceTree = "<group>"; };
		18F3CC791A43DA8D008C8917 /* CZViewController.h */ = {isa = PBXFileReference; fileEncoding = 4; lastKnownFileType = sourcecode.c.h; path = CZViewController.h; sourceTree = "<group>"; };
		18F3CC7A1A43DA8D008C8917 /* CZViewController.m */ = {isa = PBXFileReference; fileEncoding = 4; lastKnownFileType = sourcecode.c.objc; path = CZViewController.m; sourceTree = "<group>"; };
		18F3CC841A43FB78008C8917 /* CZMicroBlogCell.h */ = {isa = PBXFileReference; fileEncoding = 4; lastKnownFileType = sourcecode.c.h; path = CZMicroBlogCell.h; sourceTree = "<group>"; };
		18F3CC851A43FB79008C8917 /* CZMicroBlogCell.m */ = {isa = PBXFileReference; fileEncoding = 4; lastKnownFileType = sourcecode.c.objc; path = CZMicroBlogCell.m; sourceTree = "<group>"; };
/* End PBXFileReference section */

/* Begin PBXFrameworksBuildPhase section */
		18F3CC481A43D7F4008C8917 /* Frameworks */ = {
			isa = PBXFrameworksBuildPhase;
			buildActionMask = 2147483647;
			files = (
			);
			runOnlyForDeploymentPostprocessing = 0;
		};
		18F3CC611A43D7F4008C8917 /* Frameworks */ = {
			isa = PBXFrameworksBuildPhase;
			buildActionMask = 2147483647;
			files = (
			);
			runOnlyForDeploymentPostprocessing = 0;
		};
/* End PBXFrameworksBuildPhase section */

/* Begin PBXGroup section */
		18F3CC421A43D7F4008C8917 = {
			isa = PBXGroup;
			children = (
				18F3CC4D1A43D7F4008C8917 /* A05-微博 */,
				18F3CC671A43D7F4008C8917 /* A05-微博Tests */,
				18F3CC4C1A43D7F4008C8917 /* Products */,
			);
			sourceTree = "<group>";
		};
		18F3CC4C1A43D7F4008C8917 /* Products */ = {
			isa = PBXGroup;
			children = (
				18F3CC4B1A43D7F4008C8917 /* A05-微博.app */,
				18F3CC641A43D7F4008C8917 /* A05-微博Tests.xctest */,
			);
			name = Products;
			sourceTree = "<group>";
		};
		18F3CC4D1A43D7F4008C8917 /* A05-微博 */ = {
			isa = PBXGroup;
			children = (
				18F3CC7F1A43FA47008C8917 /* Classes */,
				18F3CC4E1A43D7F4008C8917 /* Supporting Files */,
			);
			path = "A05-微博";
			sourceTree = "<group>";
		};
		18F3CC4E1A43D7F4008C8917 /* Supporting Files */ = {
			isa = PBXGroup;
			children = (
				18F3CC5B1A43D7F4008C8917 /* Images.xcassets */,
				18F3CC741A43D815008C8917 /* microblog.plist */,
				18F3CC4F1A43D7F4008C8917 /* Info.plist */,
				18F3CC501A43D7F4008C8917 /* main.m */,
			);
			name = "Supporting Files";
			sourceTree = "<group>";
		};
		18F3CC671A43D7F4008C8917 /* A05-微博Tests */ = {
			isa = PBXGroup;
			children = (
				18F3CC6A1A43D7F5008C8917 /* A05___Tests.m */,
				18F3CC681A43D7F5008C8917 /* Supporting Files */,
			);
			path = "A05-微博Tests";
			sourceTree = "<group>";
		};
		18F3CC681A43D7F5008C8917 /* Supporting Files */ = {
			isa = PBXGroup;
			children = (
				18F3CC691A43D7F5008C8917 /* Info.plist */,
			);
			name = "Supporting Files";
			sourceTree = "<group>";
		};
		18F3CC7F1A43FA47008C8917 /* Classes */ = {
			isa = PBXGroup;
			children = (
				18F3CC831A43FA59008C8917 /* Other */,
				18F3CC821A43FA55008C8917 /* Controller */,
				18F3CC811A43FA52008C8917 /* View */,
				18F3CC801A43FA4E008C8917 /* Model */,
			);
			name = Classes;
			sourceTree = "<group>";
		};
		18F3CC801A43FA4E008C8917 /* Model */ = {
			isa = PBXGroup;
			children = (
				18F3CC761A43D87B008C8917 /* CZMicroBlog.h */,
				18F3CC771A43D87B008C8917 /* CZMicroBlog.m */,
				186B983C1A4413490003E1EF /* CZMicroBlogFrame.h */,
				186B983D1A44134A0003E1EF /* CZMicroBlogFrame.m */,
			);
			name = Model;
			sourceTree = "<group>";
		};
		18F3CC811A43FA52008C8917 /* View */ = {
			isa = PBXGroup;
			children = (
				18F3CC581A43D7F4008C8917 /* Main.storyboard */,
				18F3CC5D1A43D7F4008C8917 /* LaunchScreen.xib */,
				18F3CC841A43FB78008C8917 /* CZMicroBlogCell.h */,
				18F3CC851A43FB79008C8917 /* CZMicroBlogCell.m */,
			);
			name = View;
			sourceTree = "<group>";
		};
		18F3CC821A43FA55008C8917 /* Controller */ = {
			isa = PBXGroup;
			children = (
				18F3CC791A43DA8D008C8917 /* CZViewController.h */,
				18F3CC7A1A43DA8D008C8917 /* CZViewController.m */,
			);
			name = Controller;
			sourceTree = "<group>";
		};
		18F3CC831A43FA59008C8917 /* Other */ = {
			isa = PBXGroup;
			children = (
				18F3CC521A43D7F4008C8917 /* AppDelegate.h */,
				18F3CC531A43D7F4008C8917 /* AppDelegate.m */,
			);
			name = Other;
			sourceTree = "<group>";
		};
/* End PBXGroup section */

/* Begin PBXNativeTarget section */
		18F3CC4A1A43D7F4008C8917 /* A05-微博 */ = {
			isa = PBXNativeTarget;
			buildConfigurationList = 18F3CC6E1A43D7F5008C8917 /* Build configuration list for PBXNativeTarget "A05-微博" */;
			buildPhases = (
				18F3CC471A43D7F4008C8917 /* Sources */,
				18F3CC481A43D7F4008C8917 /* Frameworks */,
				18F3CC491A43D7F4008C8917 /* Resources */,
			);
			buildRules = (
			);
			dependencies = (
			);
			name = "A05-微博";
			productName = "A05-微博";
			productReference = 18F3CC4B1A43D7F4008C8917 /* A05-微博.app */;
			productType = "com.apple.product-type.application";
		};
		18F3CC631A43D7F4008C8917 /* A05-微博Tests */ = {
			isa = PBXNativeTarget;
			buildConfigurationList = 18F3CC711A43D7F5008C8917 /* Build configuration list for PBXNativeTarget "A05-微博Tests" */;
			buildPhases = (
				18F3CC601A43D7F4008C8917 /* Sources */,
				18F3CC611A43D7F4008C8917 /* Frameworks */,
				18F3CC621A43D7F4008C8917 /* Resources */,
			);
			buildRules = (
			);
			dependencies = (
				18F3CC661A43D7F4008C8917 /* PBXTargetDependency */,
			);
			name = "A05-微博Tests";
			productName = "A05-微博Tests";
			productReference = 18F3CC641A43D7F4008C8917 /* A05-微博Tests.xctest */;
			productType = "com.apple.product-type.bundle.unit-test";
		};
/* End PBXNativeTarget section */

/* Begin PBXProject section */
		18F3CC431A43D7F4008C8917 /* Project object */ = {
			isa = PBXProject;
			attributes = {
				LastUpgradeCheck = 0610;
				ORGANIZATIONNAME = itcast;
				TargetAttributes = {
					18F3CC4A1A43D7F4008C8917 = {
						CreatedOnToolsVersion = 6.1;
					};
					18F3CC631A43D7F4008C8917 = {
						CreatedOnToolsVersion = 6.1;
						TestTargetID = 18F3CC4A1A43D7F4008C8917;
					};
				};
			};
			buildConfigurationList = 18F3CC461A43D7F4008C8917 /* Build configuration list for PBXProject "A05-微博" */;
			compatibilityVersion = "Xcode 3.2";
			developmentRegion = English;
			hasScannedForEncodings = 0;
			knownRegions = (
				en,
				Base,
			);
			mainGroup = 18F3CC421A43D7F4008C8917;
			productRefGroup = 18F3CC4C1A43D7F4008C8917 /* Products */;
			projectDirPath = "";
			projectRoot = "";
			targets = (
				18F3CC4A1A43D7F4008C8917 /* A05-微博 */,
				18F3CC631A43D7F4008C8917 /* A05-微博Tests */,
			);
		};
/* End PBXProject section */

/* Begin PBXResourcesBuildPhase section */
		18F3CC491A43D7F4008C8917 /* Resources */ = {
			isa = PBXResourcesBuildPhase;
			buildActionMask = 2147483647;
			files = (
				18F3CC5A1A43D7F4008C8917 /* Main.storyboard in Resources */,
				18F3CC5F1A43D7F4008C8917 /* LaunchScreen.xib in Resources */,
				18F3CC5C1A43D7F4008C8917 /* Images.xcassets in Resources */,
				18F3CC751A43D815008C8917 /* microblog.plist in Resources */,
			);
			runOnlyForDeploymentPostprocessing = 0;
		};
		18F3CC621A43D7F4008C8917 /* Resources */ = {
			isa = PBXResourcesBuildPhase;
			buildActionMask = 2147483647;
			files = (
			);
			runOnlyForDeploymentPostprocessing = 0;
		};
/* End PBXResourcesBuildPhase section */

/* Begin PBXSourcesBuildPhase section */
		18F3CC471A43D7F4008C8917 /* Sources */ = {
			isa = PBXSourcesBuildPhase;
			buildActionMask = 2147483647;
			files = (
				18F3CC541A43D7F4008C8917 /* AppDelegate.m in Sources */,
				186B983E1A44134A0003E1EF /* CZMicroBlogFrame.m in Sources */,
				18F3CC7B1A43DA8D008C8917 /* CZViewController.m in Sources */,
				18F3CC861A43FB79008C8917 /* CZMicroBlogCell.m in Sources */,
				18F3CC511A43D7F4008C8917 /* main.m in Sources */,
				18F3CC781A43D87B008C8917 /* CZMicroBlog.m in Sources */,
			);
			runOnlyForDeploymentPostprocessing = 0;
		};
		18F3CC601A43D7F4008C8917 /* Sources */ = {
			isa = PBXSourcesBuildPhase;
			buildActionMask = 2147483647;
			files = (
				18F3CC6B1A43D7F5008C8917 /* A05___Tests.m in Sources */,
			);
			runOnlyForDeploymentPostprocessing = 0;
		};
/* End PBXSourcesBuildPhase section */

/* Begin PBXTargetDependency section */
		18F3CC661A43D7F4008C8917 /* PBXTargetDependency */ = {
			isa = PBXTargetDependency;
			target = 18F3CC4A1A43D7F4008C8917 /* A05-微博 */;
			targetProxy = 18F3CC651A43D7F4008C8917 /* PBXContainerItemProxy */;
		};
/* End PBXTargetDependency section */

/* Begin PBXVariantGroup section */
		18F3CC581A43D7F4008C8917 /* Main.storyboard */ = {
			isa = PBXVariantGroup;
			children = (
				18F3CC591A43D7F4008C8917 /* Base */,
			);
			name = Main.storyboard;
			sourceTree = "<group>";
		};
		18F3CC5D1A43D7F4008C8917 /* LaunchScreen.xib */ = {
			isa = PBXVariantGroup;
			children = (
				18F3CC5E1A43D7F4008C8917 /* Base */,
			);
			name = LaunchScreen.xib;
			sourceTree = "<group>";
		};
/* End PBXVariantGroup section */

/* Begin XCBuildConfiguration section */
		18F3CC6C1A43D7F5008C8917 /* Debug */ = {
			isa = XCBuildConfiguration;
			buildSettings = {
				ALWAYS_SEARCH_USER_PATHS = NO;
				CLANG_CXX_LANGUAGE_STANDARD = "gnu++0x";
				CLANG_CXX_LIBRARY = "libc++";
				CLANG_ENABLE_MODULES = YES;
				CLANG_ENABLE_OBJC_ARC = YES;
				CLANG_WARN_BOOL_CONVERSION = YES;
				CLANG_WARN_CONSTANT_CONVERSION = YES;
				CLANG_WARN_DIRECT_OBJC_ISA_USAGE = YES_ERROR;
				CLANG_WARN_EMPTY_BODY = YES;
				CLANG_WARN_ENUM_CONVERSION = YES;
				CLANG_WARN_INT_CONVERSION = YES;
				CLANG_WARN_OBJC_ROOT_CLASS = YES_ERROR;
				CLANG_WARN_UNREACHABLE_CODE = YES;
				CLANG_WARN__DUPLICATE_METHOD_MATCH = YES;
				"CODE_SIGN_IDENTITY[sdk=iphoneos*]" = "iPhone Developer";
				COPY_PHASE_STRIP = NO;
				ENABLE_STRICT_OBJC_MSGSEND = YES;
				GCC_C_LANGUAGE_STANDARD = gnu99;
				GCC_DYNAMIC_NO_PIC = NO;
				GCC_OPTIMIZATION_LEVEL = 0;
				GCC_PREPROCESSOR_DEFINITIONS = (
					"DEBUG=1",
					"$(inherited)",
				);
				GCC_SYMBOLS_PRIVATE_EXTERN = NO;
				GCC_WARN_64_TO_32_BIT_CONVERSION = YES;
				GCC_WARN_ABOUT_RETURN_TYPE = YES_ERROR;
				GCC_WARN_UNDECLARED_SELECTOR = YES;
				GCC_WARN_UNINITIALIZED_AUTOS = YES_AGGRESSIVE;
				GCC_WARN_UNUSED_FUNCTION = YES;
				GCC_WARN_UNUSED_VARIABLE = YES;
				IPHONEOS_DEPLOYMENT_TARGET = 8.1;
				MTL_ENABLE_DEBUG_INFO = YES;
				ONLY_ACTIVE_ARCH = YES;
				SDKROOT = iphoneos;
			};
			name = Debug;
		};
		18F3CC6D1A43D7F5008C8917 /* Release */ = {
			isa = XCBuildConfiguration;
			buildSettings = {
				ALWAYS_SEARCH_USER_PATHS = NO;
				CLANG_CXX_LANGUAGE_STANDARD = "gnu++0x";
				CLANG_CXX_LIBRARY = "libc++";
				CLANG_ENABLE_MODULES = YES;
				CLANG_ENABLE_OBJC_ARC = YES;
				CLANG_WARN_BOOL_CONVERSION = YES;
				CLANG_WARN_CONSTANT_CONVERSION = YES;
				CLANG_WARN_DIRECT_OBJC_ISA_USAGE = YES_ERROR;
				CLANG_WARN_EMPTY_BODY = YES;
				CLANG_WARN_ENUM_CONVERSION = YES;
				CLANG_WARN_INT_CONVERSION = YES;
				CLANG_WARN_OBJC_ROOT_CLASS = YES_ERROR;
				CLANG_WARN_UNREACHABLE_CODE = YES;
				CLANG_WARN__DUPLICATE_METHOD_MATCH = YES;
				"CODE_SIGN_IDENTITY[sdk=iphoneos*]" = "iPhone Developer";
				COPY_PHASE_STRIP = YES;
				ENABLE_NS_ASSERTIONS = NO;
				ENABLE_STRICT_OBJC_MSGSEND = YES;
				GCC_C_LANGUAGE_STANDARD = gnu99;
				GCC_WARN_64_TO_32_BIT_CONVERSION = YES;
				GCC_WARN_ABOUT_RETURN_TYPE = YES_ERROR;
				GCC_WARN_UNDECLARED_SELECTOR = YES;
				GCC_WARN_UNINITIALIZED_AUTOS = YES_AGGRESSIVE;
				GCC_WARN_UNUSED_FUNCTION = YES;
				GCC_WARN_UNUSED_VARIABLE = YES;
				IPHONEOS_DEPLOYMENT_TARGET = 8.1;
				MTL_ENABLE_DEBUG_INFO = NO;
				SDKROOT = iphoneos;
				VALIDATE_PRODUCT = YES;
			};
			name = Release;
		};
		18F3CC6F1A43D7F5008C8917 /* Debug */ = {
			isa = XCBuildConfiguration;
			buildSettings = {
				ASSETCATALOG_COMPILER_APPICON_NAME = AppIcon;
				INFOPLIST_FILE = "A05-微博/Info.plist";
				LD_RUNPATH_SEARCH_PATHS = "$(inherited) @executable_path/Frameworks";
				PRODUCT_NAME = "$(TARGET_NAME)";
			};
			name = Debug;
		};
		18F3CC701A43D7F5008C8917 /* Release */ = {
			isa = XCBuildConfiguration;
			buildSettings = {
				ASSETCATALOG_COMPILER_APPICON_NAME = AppIcon;
				INFOPLIST_FILE = "A05-微博/Info.plist";
				LD_RUNPATH_SEARCH_PATHS = "$(inherited) @executable_path/Frameworks";
				PRODUCT_NAME = "$(TARGET_NAME)";
			};
			name = Release;
		};
		18F3CC721A43D7F5008C8917 /* Debug */ = {
			isa = XCBuildConfiguration;
			buildSettings = {
				BUNDLE_LOADER = "$(TEST_HOST)";
				FRAMEWORK_SEARCH_PATHS = (
					"$(SDKROOT)/Developer/Library/Frameworks",
					"$(inherited)",
				);
				GCC_PREPROCESSOR_DEFINITIONS = (
					"DEBUG=1",
					"$(inherited)",
				);
				INFOPLIST_FILE = "A05-微博Tests/Info.plist";
				LD_RUNPATH_SEARCH_PATHS = "$(inherited) @executable_path/Frameworks @loader_path/Frameworks";
				PRODUCT_NAME = "$(TARGET_NAME)";
				TEST_HOST = "$(BUILT_PRODUCTS_DIR)/A05-微博.app/A05-微博";
			};
			name = Debug;
		};
		18F3CC731A43D7F5008C8917 /* Release */ = {
			isa = XCBuildConfiguration;
			buildSettings = {
				BUNDLE_LOADER = "$(TEST_HOST)";
				FRAMEWORK_SEARCH_PATHS = (
					"$(SDKROOT)/Developer/Library/Frameworks",
					"$(inherited)",
				);
				INFOPLIST_FILE = "A05-微博Tests/Info.plist";
				LD_RUNPATH_SEARCH_PATHS = "$(inherited) @executable_path/Frameworks @loader_path/Frameworks";
				PRODUCT_NAME = "$(TARGET_NAME)";
				TEST_HOST = "$(BUILT_PRODUCTS_DIR)/A05-微博.app/A05-微博";
			};
			name = Release;
		};
/* End XCBuildConfiguration section */

/* Begin XCConfigurationList section */
		18F3CC461A43D7F4008C8917 /* Build configuration list for PBXProject "A05-微博" */ = {
			isa = XCConfigurationList;
			buildConfigurations = (
				18F3CC6C1A43D7F5008C8917 /* Debug */,
				18F3CC6D1A43D7F5008C8917 /* Release */,
			);
			defaultConfigurationIsVisible = 0;
			defaultConfigurationName = Release;
		};
		18F3CC6E1A43D7F5008C8917 /* Build configuration list for PBXNativeTarget "A05-微博" */ = {
			isa = XCConfigurationList;
			buildConfigurations = (
				18F3CC6F1A43D7F5008C8917 /* Debug */,
				18F3CC701A43D7F5008C8917 /* Release */,
			);
			defaultConfigurationIsVisible = 0;
			defaultConfigurationName = Release;
		};
		18F3CC711A43D7F5008C8917 /* Build configuration list for PBXNativeTarget "A05-微博Tests" */ = {
			isa = XCConfigurationList;
			buildConfigurations = (
				18F3CC721A43D7F5008C8917 /* Debug */,
				18F3CC731A43D7F5008C8917 /* Release */,
			);
			defaultConfigurationIsVisible = 0;
			defaultConfigurationName = Release;
		};
/* End XCConfigurationList section */
	};
	rootObject = 18F3CC431A43D7F4008C8917 /* Project object */;
}
